
Microsoft Visual Studio Solution File, Format Version 12.00
# Visual Studio Version 16
VisualStudioVersion = 25.0.1706.9
MinimumVisualStudioVersion = 10.0.40219.1
Project("{FAE04EC0-301F-11D3-BF4B-00C04F79EFBC}") = "SoGen_AccountManager1", "SoGen_AccountManager1\SoGen_AccountManager1.csproj", "{82037DE9-325A-449A-A53D-80750C0446C1}"
EndProject
Global
	GlobalSection(SolutionConfigurationPlatforms) = preSolution
		Debug|Any CPU = Debug|Any CPU
		Release|Any CPU = Release|Any CPU
	EndGlobalSection
	GlobalSection(ProjectConfigurationPlatforms) = postSolution
		{82037DE9-325A-449A-A53D-80750C0446C1}.Debug|Any CPU.ActiveCfg = Debug|Any CPU
		{82037DE9-325A-449A-A53D-80750C0446C1}.Debug|Any CPU.Build.0 = Debug|Any CPU
		{82037DE9-325A-449A-A53D-80750C0446C1}.Release|Any CPU.ActiveCfg = Release|Any CPU
		{82037DE9-325A-449A-A53D-80750C0446C1}.Release|Any CPU.Build.0 = Release|Any CPU
	EndGlobalSection
	GlobalSection(SolutionProperties) = preSolution
		HideSolutionNode = FALSE
	EndGlobalSection
	GlobalSection(ExtensibilityGlobals) = postSolution
		SolutionGuid = {920F1F45-5743-4D3A-9B56-BB37943C02C5}
	EndGlobalSection
EndGlobal
